
Microsoft Visual Studio Solution File, Format Version 12.00
# Visual Studio Version 17
VisualStudioVersion = 17.5.33424.131
MinimumVisualStudioVersion = 10.0.40219.1
Project("{9A19103F-16F7-4668-BE54-9A1E7A4F7556}") = "Deltares.Probabilistic.Wrapper.Test", "Deltares.Probabilistic.Wrapper.Test\Deltares.Probabilistic.Wrapper.Test.csproj", "{2FDDF340-5B60-4A84-BA24-48C965013E02}"
EndProject
Project("{8BC9CEB8-8B4A-11D0-8D11-00A0C91BC942}") = "Deltares.Probabilistic.CWrapper", "Deltares.Probabilistic.CWrapper\Deltares.Probabilistic.CWrapper.vcxproj", "{E82A904A-FE1C-4695-BE1F-0AFCE5861FB4}"
	ProjectSection(ProjectDependencies) = postProject
		{E5635375-6FAF-459C-AB13-83A85B7134EB} = {E5635375-6FAF-459C-AB13-83A85B7134EB}
	EndProjectSection
EndProject
Project("{8BC9CEB8-8B4A-11D0-8D11-00A0C91BC942}") = "Deltares.Probabilistic", "Deltares.Probabilistic\Deltares.Probabilistic.vcxproj", "{E5635375-6FAF-459C-AB13-83A85B7134EB}"
EndProject
Project("{8BC9CEB8-8B4A-11D0-8D11-00A0C91BC942}") = "Deltares.Probabilistic.Wrapper", "Deltares.Probabilistic.Wrapper\Deltares.Probabilistic.Wrapper.vcxproj", "{8142BF85-77C9-4340-A643-C837F0EC93AF}"
	ProjectSection(ProjectDependencies) = postProject
		{E5635375-6FAF-459C-AB13-83A85B7134EB} = {E5635375-6FAF-459C-AB13-83A85B7134EB}
	EndProjectSection
EndProject
Global
	GlobalSection(SolutionConfigurationPlatforms) = preSolution
		Debug|x64 = Debug|x64
		Debug|x86 = Debug|x86
		DebugAlgorithms|x64 = DebugAlgorithms|x64
		DebugAlgorithms|x86 = DebugAlgorithms|x86
		DebugStandard|x64 = DebugStandard|x64
		DebugStandard|x86 = DebugStandard|x86
		Release|x64 = Release|x64
		Release|x86 = Release|x86
		ReleaseAlgorithms|x64 = ReleaseAlgorithms|x64
		ReleaseAlgorithms|x86 = ReleaseAlgorithms|x86
		Setup|x64 = Setup|x64
		Setup|x86 = Setup|x86
	EndGlobalSection
	GlobalSection(ProjectConfigurationPlatforms) = postSolution
		{2FDDF340-5B60-4A84-BA24-48C965013E02}.Debug|x64.ActiveCfg = Debug|Any CPU
		{2FDDF340-5B60-4A84-BA24-48C965013E02}.Debug|x64.Build.0 = Debug|Any CPU
		{2FDDF340-5B60-4A84-BA24-48C965013E02}.Debug|x86.ActiveCfg = Debug|x86
		{2FDDF340-5B60-4A84-BA24-48C965013E02}.Debug|x86.Build.0 = Debug|x86
		{2FDDF340-5B60-4A84-BA24-48C965013E02}.DebugAlgorithms|x64.ActiveCfg = Debug|Any CPU
		{2FDDF340-5B60-4A84-BA24-48C965013E02}.DebugAlgorithms|x64.Build.0 = Debug|Any CPU
		{2FDDF340-5B60-4A84-BA24-48C965013E02}.DebugAlgorithms|x86.ActiveCfg = Debug|Any CPU
		{2FDDF340-5B60-4A84-BA24-48C965013E02}.DebugAlgorithms|x86.Build.0 = Debug|Any CPU
		{2FDDF340-5B60-4A84-BA24-48C965013E02}.DebugStandard|x64.ActiveCfg = Debug|Any CPU
		{2FDDF340-5B60-4A84-BA24-48C965013E02}.DebugStandard|x64.Build.0 = Debug|Any CPU
		{2FDDF340-5B60-4A84-BA24-48C965013E02}.DebugStandard|x86.ActiveCfg = Debug|Any CPU
		{2FDDF340-5B60-4A84-BA24-48C965013E02}.DebugStandard|x86.Build.0 = Debug|Any CPU
		{2FDDF340-5B60-4A84-BA24-48C965013E02}.Release|x64.ActiveCfg = Release|Any CPU
		{2FDDF340-5B60-4A84-BA24-48C965013E02}.Release|x64.Build.0 = Release|Any CPU
		{2FDDF340-5B60-4A84-BA24-48C965013E02}.Release|x86.ActiveCfg = Release|x86
		{2FDDF340-5B60-4A84-BA24-48C965013E02}.Release|x86.Build.0 = Release|x86
		{2FDDF340-5B60-4A84-BA24-48C965013E02}.ReleaseAlgorithms|x64.ActiveCfg = Release|Any CPU
		{2FDDF340-5B60-4A84-BA24-48C965013E02}.ReleaseAlgorithms|x64.Build.0 = Release|Any CPU
		{2FDDF340-5B60-4A84-BA24-48C965013E02}.ReleaseAlgorithms|x86.ActiveCfg = Release|Any CPU
		{2FDDF340-5B60-4A84-BA24-48C965013E02}.ReleaseAlgorithms|x86.Build.0 = Release|Any CPU
		{2FDDF340-5B60-4A84-BA24-48C965013E02}.Setup|x64.ActiveCfg = Debug|Any CPU
		{2FDDF340-5B60-4A84-BA24-48C965013E02}.Setup|x64.Build.0 = Debug|Any CPU
		{2FDDF340-5B60-4A84-BA24-48C965013E02}.Setup|x86.ActiveCfg = Debug|Any CPU
		{2FDDF340-5B60-4A84-BA24-48C965013E02}.Setup|x86.Build.0 = Debug|Any CPU
		{E82A904A-FE1C-4695-BE1F-0AFCE5861FB4}.Debug|x64.ActiveCfg = Debug|x64
		{E82A904A-FE1C-4695-BE1F-0AFCE5861FB4}.Debug|x64.Build.0 = Debug|x64
		{E82A904A-FE1C-4695-BE1F-0AFCE5861FB4}.Debug|x86.ActiveCfg = Debug|Win32
		{E82A904A-FE1C-4695-BE1F-0AFCE5861FB4}.Debug|x86.Build.0 = Debug|Win32
		{E82A904A-FE1C-4695-BE1F-0AFCE5861FB4}.DebugAlgorithms|x64.ActiveCfg = Debug|x64
		{E82A904A-FE1C-4695-BE1F-0AFCE5861FB4}.DebugAlgorithms|x64.Build.0 = Debug|x64
		{E82A904A-FE1C-4695-BE1F-0AFCE5861FB4}.DebugAlgorithms|x86.ActiveCfg = Debug|Win32
		{E82A904A-FE1C-4695-BE1F-0AFCE5861FB4}.DebugAlgorithms|x86.Build.0 = Debug|Win32
		{E82A904A-FE1C-4695-BE1F-0AFCE5861FB4}.DebugStandard|x64.ActiveCfg = Debug|x64
		{E82A904A-FE1C-4695-BE1F-0AFCE5861FB4}.DebugStandard|x64.Build.0 = Debug|x64
		{E82A904A-FE1C-4695-BE1F-0AFCE5861FB4}.DebugStandard|x86.ActiveCfg = Debug|Win32
		{E82A904A-FE1C-4695-BE1F-0AFCE5861FB4}.DebugStandard|x86.Build.0 = Debug|Win32
		{E82A904A-FE1C-4695-BE1F-0AFCE5861FB4}.Release|x64.ActiveCfg = Release|x64
		{E82A904A-FE1C-4695-BE1F-0AFCE5861FB4}.Release|x64.Build.0 = Release|x64
		{E82A904A-FE1C-4695-BE1F-0AFCE5861FB4}.Release|x86.ActiveCfg = Release|Win32
		{E82A904A-FE1C-4695-BE1F-0AFCE5861FB4}.Release|x86.Build.0 = Release|Win32
		{E82A904A-FE1C-4695-BE1F-0AFCE5861FB4}.ReleaseAlgorithms|x64.ActiveCfg = Release|x64
		{E82A904A-FE1C-4695-BE1F-0AFCE5861FB4}.ReleaseAlgorithms|x64.Build.0 = Release|x64
		{E82A904A-FE1C-4695-BE1F-0AFCE5861FB4}.ReleaseAlgorithms|x86.ActiveCfg = Release|Win32
		{E82A904A-FE1C-4695-BE1F-0AFCE5861FB4}.ReleaseAlgorithms|x86.Build.0 = Release|Win32
		{E82A904A-FE1C-4695-BE1F-0AFCE5861FB4}.Setup|x64.ActiveCfg = Debug|x64
		{E82A904A-FE1C-4695-BE1F-0AFCE5861FB4}.Setup|x64.Build.0 = Debug|x64
		{E82A904A-FE1C-4695-BE1F-0AFCE5861FB4}.Setup|x86.ActiveCfg = Debug|Win32
		{E82A904A-FE1C-4695-BE1F-0AFCE5861FB4}.Setup|x86.Build.0 = Debug|Win32
		{E5635375-6FAF-459C-AB13-83A85B7134EB}.Debug|x64.ActiveCfg = Debug|x64
		{E5635375-6FAF-459C-AB13-83A85B7134EB}.Debug|x64.Build.0 = Debug|x64
		{E5635375-6FAF-459C-AB13-83A85B7134EB}.Debug|x86.ActiveCfg = Debug|Win32
		{E5635375-6FAF-459C-AB13-83A85B7134EB}.Debug|x86.Build.0 = Debug|Win32
		{E5635375-6FAF-459C-AB13-83A85B7134EB}.DebugAlgorithms|x64.ActiveCfg = Debug|x64
		{E5635375-6FAF-459C-AB13-83A85B7134EB}.DebugAlgorithms|x64.Build.0 = Debug|x64
		{E5635375-6FAF-459C-AB13-83A85B7134EB}.DebugAlgorithms|x86.ActiveCfg = Debug|Win32
		{E5635375-6FAF-459C-AB13-83A85B7134EB}.DebugAlgorithms|x86.Build.0 = Debug|Win32
		{E5635375-6FAF-459C-AB13-83A85B7134EB}.DebugStandard|x64.ActiveCfg = Debug|x64
		{E5635375-6FAF-459C-AB13-83A85B7134EB}.DebugStandard|x64.Build.0 = Debug|x64
		{E5635375-6FAF-459C-AB13-83A85B7134EB}.DebugStandard|x86.ActiveCfg = Debug|Win32
		{E5635375-6FAF-459C-AB13-83A85B7134EB}.DebugStandard|x86.Build.0 = Debug|Win32
		{E5635375-6FAF-459C-AB13-83A85B7134EB}.Release|x64.ActiveCfg = Release|x64
		{E5635375-6FAF-459C-AB13-83A85B7134EB}.Release|x64.Build.0 = Release|x64
		{E5635375-6FAF-459C-AB13-83A85B7134EB}.Release|x86.ActiveCfg = Release|Win32
		{E5635375-6FAF-459C-AB13-83A85B7134EB}.Release|x86.Build.0 = Release|Win32
		{E5635375-6FAF-459C-AB13-83A85B7134EB}.ReleaseAlgorithms|x64.ActiveCfg = Release|x64
		{E5635375-6FAF-459C-AB13-83A85B7134EB}.ReleaseAlgorithms|x64.Build.0 = Release|x64
		{E5635375-6FAF-459C-AB13-83A85B7134EB}.ReleaseAlgorithms|x86.ActiveCfg = Release|Win32
		{E5635375-6FAF-459C-AB13-83A85B7134EB}.ReleaseAlgorithms|x86.Build.0 = Release|Win32
		{E5635375-6FAF-459C-AB13-83A85B7134EB}.Setup|x64.ActiveCfg = Debug|x64
		{E5635375-6FAF-459C-AB13-83A85B7134EB}.Setup|x64.Build.0 = Debug|x64
		{E5635375-6FAF-459C-AB13-83A85B7134EB}.Setup|x86.ActiveCfg = Debug|Win32
		{E5635375-6FAF-459C-AB13-83A85B7134EB}.Setup|x86.Build.0 = Debug|Win32
		{8142BF85-77C9-4340-A643-C837F0EC93AF}.Debug|x64.ActiveCfg = Debug|x64
		{8142BF85-77C9-4340-A643-C837F0EC93AF}.Debug|x64.Build.0 = Debug|x64
		{8142BF85-77C9-4340-A643-C837F0EC93AF}.Debug|x86.ActiveCfg = Debug|Win32
		{8142BF85-77C9-4340-A643-C837F0EC93AF}.Debug|x86.Build.0 = Debug|Win32
		{8142BF85-77C9-4340-A643-C837F0EC93AF}.DebugAlgorithms|x64.ActiveCfg = Debug|x64
		{8142BF85-77C9-4340-A643-C837F0EC93AF}.DebugAlgorithms|x64.Build.0 = Debug|x64
		{8142BF85-77C9-4340-A643-C837F0EC93AF}.DebugAlgorithms|x86.ActiveCfg = Debug|Win32
		{8142BF85-77C9-4340-A643-C837F0EC93AF}.DebugAlgorithms|x86.Build.0 = Debug|Win32
		{8142BF85-77C9-4340-A643-C837F0EC93AF}.DebugStandard|x64.ActiveCfg = Debug|x64
		{8142BF85-77C9-4340-A643-C837F0EC93AF}.DebugStandard|x64.Build.0 = Debug|x64
		{8142BF85-77C9-4340-A643-C837F0EC93AF}.DebugStandard|x86.ActiveCfg = Debug|Win32
		{8142BF85-77C9-4340-A643-C837F0EC93AF}.DebugStandard|x86.Build.0 = Debug|Win32
		{8142BF85-77C9-4340-A643-C837F0EC93AF}.Release|x64.ActiveCfg = Release|x64
		{8142BF85-77C9-4340-A643-C837F0EC93AF}.Release|x64.Build.0 = Release|x64
		{8142BF85-77C9-4340-A643-C837F0EC93AF}.Release|x86.ActiveCfg = Release|Win32
		{8142BF85-77C9-4340-A643-C837F0EC93AF}.Release|x86.Build.0 = Release|Win32
		{8142BF85-77C9-4340-A643-C837F0EC93AF}.ReleaseAlgorithms|x64.ActiveCfg = Release|x64
		{8142BF85-77C9-4340-A643-C837F0EC93AF}.ReleaseAlgorithms|x64.Build.0 = Release|x64
		{8142BF85-77C9-4340-A643-C837F0EC93AF}.ReleaseAlgorithms|x86.ActiveCfg = Release|Win32
		{8142BF85-77C9-4340-A643-C837F0EC93AF}.ReleaseAlgorithms|x86.Build.0 = Release|Win32
		{8142BF85-77C9-4340-A643-C837F0EC93AF}.Setup|x64.ActiveCfg = Debug|x64
		{8142BF85-77C9-4340-A643-C837F0EC93AF}.Setup|x64.Build.0 = Debug|x64
		{8142BF85-77C9-4340-A643-C837F0EC93AF}.Setup|x86.ActiveCfg = Debug|Win32
		{8142BF85-77C9-4340-A643-C837F0EC93AF}.Setup|x86.Build.0 = Debug|Win32
	EndGlobalSection
	GlobalSection(SolutionProperties) = preSolution
		HideSolutionNode = FALSE
	EndGlobalSection
	GlobalSection(ExtensibilityGlobals) = postSolution
		SolutionGuid = {8F5CD022-76E6-4A75-9356-5771328A6C32}
	EndGlobalSection
EndGlobal
