<?xml version="1.0" encoding="utf-8"?>
<Project ToolsVersion="4.0" xmlns="http://schemas.microsoft.com/developer/msbuild/2003">
  <ItemGroup>
    <ClCompile Include="dllmain.cpp" />
    <ClCompile Include="Statistics\DeterministicDistribution.cpp">
      <Filter>Statistics</Filter>
    </ClCompile>
    <ClCompile Include="Statistics\NormalDistribution.cpp">
      <Filter>Statistics</Filter>
    </ClCompile>
    <ClCompile Include="Statistics\LogNormalDistribution.cpp">
      <Filter>Statistics</Filter>
    </ClCompile>
    <ClCompile Include="Statistics\UniformDistribution.cpp">
      <Filter>Statistics</Filter>
    </ClCompile>
    <ClCompile Include="Statistics\StandardNormal.cpp">
      <Filter>Statistics</Filter>
    </ClCompile>
    <ClCompile Include="Model\Sample.cpp">
      <Filter>Model</Filter>
    </ClCompile>
    <ClCompile Include="Model\UConverter.cpp">
      <Filter>Model</Filter>
    </ClCompile>
    <ClCompile Include="Model\ZModelRunner.cpp">
      <Filter>Model</Filter>
    </ClCompile>
    <ClCompile Include="Statistics\Stochast.cpp" />
    <ClCompile Include="Model\ZModel.cpp" />
    <ClCompile Include="Reliability\CrudeMonteCarlo.cpp" />
    <ClCompile Include="Reliability\CrudeMonteCarloSettings.cpp" />
    <ClCompile Include="Model\DesignPoint.cpp" />
    <ClCompile Include="Reliability\ReliabilityMethod.cpp" />
    <ClCompile Include="Model\RandomSettings.cpp" />
    <ClCompile Include="Model\RunSettings.cpp" />
    <ClCompile Include="Model\StochastPoint.cpp" />
    <ClCompile Include="Model\StochastPointAlpha.cpp" />
    <ClCompile Include="Model\ConvergenceReport.cpp" />
    <ClCompile Include="Model\ReliabilityResult.cpp" />
    <ClCompile Include="Reliability\DesignPointBuilder.cpp" />
    <ClCompile Include="Math\NumericSupport.cpp" />
    <ClCompile Include="Model\ReliabilityReport.cpp" />
    <ClCompile Include="Model\RandomGenerator.cpp" />
    <ClCompile Include="Statistics\CorrelationMatrix.cpp" />
    <ClCompile Include="Wrappers\StochastWrapper.cpp" />
    <ClCompile Include="Wrappers\CrudeMonteCarloSettingsWrapper.cpp" />
    <ClCompile Include="Wrappers\RunSettingsWrapper.cpp" />
    <ClCompile Include="Wrappers\CorrelationMatrixWrapper.cpp" />
    <ClCompile Include="Wrappers\CrudeMonteCarloWrapper.cpp" />
    <ClCompile Include="Wrappers\ReliabilityMethodWrapper.cpp" />
    <ClCompile Include="Wrappers\RandomSettingsWrapper.cpp" />
    <ClCompile Include="..\..\external\src\extern\asa241.cpp">
      <Filter>extern</Filter>
    </ClCompile>
    <ClCompile Include="Wrappers\StochastPointAlphaWrapper.cpp" />
    <ClCompile Include="Wrappers\StochastPointWrapper.cpp" />
    <ClCompile Include="Wrappers\DesignPointWrapper.cpp" />
    <ClCompile Include="Wrappers\ConvergenceReportWrapper.cpp" />
    <ClCompile Include="Wrappers\ReliabilityResultWrapper.cpp" />
    <ClCompile Include="Wrappers\SampleWrapper.cpp" />
    <ClCompile Include="Math\Random.cpp" />
    <ClCompile Include="Math\Randomizers\ModifiedKnuthSubtractiveRandomValueGenerator.cpp" />
    <ClCompile Include="Math\Randomizers\GeorgeMarsagliaRandomValueGenerator.cpp" />
    <ClCompile Include="Math\Randomizers\MersenneTwisterRandomValueGenerator.cpp" />
    <ClCompile Include="Math\Randomizers\RandomValueGenerator.cpp" />
    <ClCompile Include="Wrappers\RandomProvider.cpp" />
    <ClCompile Include="Wrappers\ModelRunnerWrapper.cpp" />
    <ClCompile Include="Model\ProgressIndicator.cpp" />
    <ClCompile Include="Wrappers\ProgressIndicatorWrapper.cpp" />
    <ClCompile Include="Model\Evaluation.cpp" />
    <ClCompile Include="Wrappers\EvaluationWrapper.cpp" />
    <ClCompile Include="Wrappers\NativeSupport.cpp" />
    <ClCompile Include="Reliability\StochastSettings.cpp" />
    <ClCompile Include="Wrappers\StochastSettingsWrapper.cpp" />
    <ClCompile Include="Reliability\StochastListSettings.cpp" />
  </ItemGroup>
  <ItemGroup>
    <ClInclude Include="framework.h" />
    <ClInclude Include="Statistics\DeterministicDistribution.h">
      <Filter>Statistics</Filter>
    </ClInclude>
    <ClInclude Include="Statistics\Distribution.h">
      <Filter>Statistics</Filter>
    </ClInclude>
    <ClInclude Include="Statistics\NormalDistribution.h">
      <Filter>Statistics</Filter>
    </ClInclude>
    <ClInclude Include="Statistics\Stochast.h">
      <Filter>Statistics</Filter>
    </ClInclude>
    <ClInclude Include="Statistics\StochastProperties.h">
      <Filter>Statistics</Filter>
    </ClInclude>
    <ClInclude Include="Statistics\LogNormalDistribution.h">
      <Filter>Statistics</Filter>
    </ClInclude>
    <ClInclude Include="Statistics\UniformDistribution.h">
      <Filter>Statistics</Filter>
    </ClInclude>
    <ClInclude Include="Statistics\StandardNormal.h">
      <Filter>Statistics</Filter>
    </ClInclude>
    <ClInclude Include="Model\Sample.h">
      <Filter>Model</Filter>
    </ClInclude>
    <ClInclude Include="Model\UConverter.h">
      <Filter>Model</Filter>
    </ClInclude>
    <ClInclude Include="Model\ZModelRunner.h">
      <Filter>Model</Filter>
    </ClInclude>
    <ClInclude Include="Model\ZModel.h" />
    <ClInclude Include="Reliability\CrudeMonteCarlo.h" />
    <ClInclude Include="Reliability\CrudeMonteCarloSettings.h" />
    <ClInclude Include="Model\DesignPoint.h" />
    <ClInclude Include="Reliability\ReliabilityMethod.h" />
    <ClInclude Include="Model\RandomSettings.h" />
    <ClInclude Include="Model\RunSettings.h" />
    <ClInclude Include="Model\StochastPoint.h" />
    <ClInclude Include="Model\StochastPointAlpha.h" />
    <ClInclude Include="Model\ConvergenceReport.h" />
    <ClInclude Include="Model\ReliabilityResult.h" />
    <ClInclude Include="Math\NumericSupport.h" />
    <ClInclude Include="Reliability\DesignPointBuilder.h" />
    <ClInclude Include="Model\ReliabilityReport.h" />
    <ClInclude Include="Model\RandomGenerator.h" />
    <ClInclude Include="Statistics\CorrelationMatrix.h" />
    <ClInclude Include="Wrappers\StochastWrapper.h" />
    <ClInclude Include="Wrappers\CrudeMonteCarloSettingsWrapper.h" />
    <ClInclude Include="Wrappers\RunSettingsWrapper.h" />
    <ClInclude Include="Wrappers\CorrelationMatrixWrapper.h" />
    <ClInclude Include="Wrappers\CrudeMonteCarloWrapper.h" />
    <ClInclude Include="Wrappers\ReliabilityMethodWrapper.h" />
    <ClInclude Include="Wrappers\RandomSettingsWrapper.h" />
    <ClInclude Include="Wrappers\StochastPointAlphaWrapper.h" />
    <ClInclude Include="Wrappers\StochastPointWrapper.h" />
    <ClInclude Include="Wrappers\DesignPointWrapper.h" />
    <ClInclude Include="Wrappers\ConvergenceReportWrapper.h" />
    <ClInclude Include="Wrappers\ReliabilityResultWrapper.h" />
    <ClInclude Include="Wrappers\SampleWrapper.h" />
    <ClInclude Include="Math\Random.h" />
    <ClInclude Include="Math\Randomizers\ModifiedKnuthSubtractiveRandomValueGenerator.h" />
    <ClInclude Include="Math\Randomizers\GeorgeMarsagliaRandomValueGenerator.h" />
    <ClInclude Include="Math\Randomizers\MersenneTwisterRandomValueGenerator.h" />
    <ClInclude Include="Math\Randomizers\RandomValueGenerator.h" />
    <ClInclude Include="Wrappers\RandomProvider.h" />
    <ClInclude Include="Wrappers\ModelRunnerWrapper.h" />
    <ClInclude Include="Model\ProgressIndicator.h" />
    <ClInclude Include="Wrappers\ProgressIndicatorWrapper.h" />
    <ClInclude Include="Model\Evaluation.h" />
    <ClInclude Include="Wrappers\EvaluationWrapper.h" />
    <ClInclude Include="Wrappers\NativeSupport.h" />
    <ClInclude Include="Reliability\StochastSettings.h" />
    <ClInclude Include="Wrappers\StochastSettingsWrapper.h" />
    <ClInclude Include="Reliability\StochastListSettings.h" />
  </ItemGroup>
  <ItemGroup>
    <Filter Include="Statistics">
      <UniqueIdentifier>{30dccd3c-9e22-4a6c-8e72-9b18cde1ec1f}</UniqueIdentifier>
    </Filter>
    <Filter Include="Model">
      <UniqueIdentifier>{3a585b12-521e-4cc6-a8fe-85b3ff52219a}</UniqueIdentifier>
    </Filter>
    <Filter Include="extern">
      <UniqueIdentifier>{7cc05a32-9dfe-4ab0-ad99-c34ddfcc5484}</UniqueIdentifier>
    </Filter>
  </ItemGroup>
</Project>