<?xml version="1.0" encoding="utf-8"?>
<Project ToolsVersion="4.0" xmlns="http://schemas.microsoft.com/developer/msbuild/2003">
  <ItemGroup>
    <ClCompile Include="dllmain.cpp" />
    <ClCompile Include="pch.cpp" />
    <ClCompile Include="Statistics\DeterministicDistribution.cpp">
      <Filter>Statistics</Filter>
    </ClCompile>
    <ClCompile Include="Statistics\NormalDistribution.cpp">
      <Filter>Statistics</Filter>
    </ClCompile>
    <ClCompile Include="Statistics\LogNormalDistribution.cpp">
      <Filter>Statistics</Filter>
    </ClCompile>
    <ClCompile Include="Statistics\UniformDistribution.cpp">
      <Filter>Statistics</Filter>
    </ClCompile>
    <ClCompile Include="Statistics\StandardNormal.cpp">
      <Filter>Statistics</Filter>
    </ClCompile>
    <ClCompile Include="Model\Sample.cpp">
      <Filter>Model</Filter>
    </ClCompile>
    <ClCompile Include="Model\UConverter.cpp">
      <Filter>Model</Filter>
    </ClCompile>
    <ClCompile Include="Model\ZModelRunner.cpp">
      <Filter>Model</Filter>
    </ClCompile>
    <ClCompile Include="Statistics\Stochast.cpp" />
    <ClCompile Include="Model\ZModel.cpp" />
  </ItemGroup>
  <ItemGroup>
    <ClInclude Include="framework.h" />
    <ClInclude Include="pch.h" />
    <ClInclude Include="Statistics\DeterministicDistribution.h">
      <Filter>Statistics</Filter>
    </ClInclude>
    <ClInclude Include="Statistics\Distribution.h">
      <Filter>Statistics</Filter>
    </ClInclude>
    <ClInclude Include="Statistics\NormalDistribution.h">
      <Filter>Statistics</Filter>
    </ClInclude>
    <ClInclude Include="Statistics\Stochast.h">
      <Filter>Statistics</Filter>
    </ClInclude>
    <ClInclude Include="Statistics\StochastProperties.h">
      <Filter>Statistics</Filter>
    </ClInclude>
    <ClInclude Include="Statistics\LogNormalDistribution.h">
      <Filter>Statistics</Filter>
    </ClInclude>
    <ClInclude Include="Statistics\UniformDistribution.h">
      <Filter>Statistics</Filter>
    </ClInclude>
    <ClInclude Include="Statistics\StandardNormal.h">
      <Filter>Statistics</Filter>
    </ClInclude>
    <ClInclude Include="Model\Sample.h">
      <Filter>Model</Filter>
    </ClInclude>
    <ClInclude Include="Model\UConverter.h">
      <Filter>Model</Filter>
    </ClInclude>
    <ClInclude Include="Model\ZModelRunner.h">
      <Filter>Model</Filter>
    </ClInclude>
    <ClInclude Include="Model\ZModel.h" />
  </ItemGroup>
  <ItemGroup>
    <Filter Include="Statistics">
      <UniqueIdentifier>{30dccd3c-9e22-4a6c-8e72-9b18cde1ec1f}</UniqueIdentifier>
    </Filter>
    <Filter Include="Model">
      <UniqueIdentifier>{3a585b12-521e-4cc6-a8fe-85b3ff52219a}</UniqueIdentifier>
    </Filter>
  </ItemGroup>
</Project>